hash: 671c314dcdc24f64cca169fd57f2b006d69f294de61ad10b42d85ec72159dcac
updated: 2016-08-24T11:27:21.099692563-04:00
imports:
- name: github.com/gorilla/context
  version: 08b5f424b9271eedf6f9f0ce86cb9396ed337a42
- name: github.com/gorilla/mux
  version: 674ef1c28022f33fa7200f59db45e604557f0380
testImports: []
