hash: 671c314dcdc24f64cca169fd57f2b006d69f294de61ad10b42d85ec72159dcac
updated: 2016-03-26T11:58:38.935795685-04:00
imports:
- name: github.com/gorilla/context
  version: 1ea25387ff6f684839d82767c1733ff4d4d15d0a
- name: github.com/gorilla/mux
  version: 0eeaf8392f5b04950925b8a69fe70f110fa7cbfc
devImports: []
